
Microsoft Visual Studio Solution File, Format Version 10.00
# Visual Studio 2008
Project("{8BC9CEB8-8B4A-11D0-8D11-00A0C91BC942}") = "iq120", "iq120.vcproj", "{F8DFA2C0-72E0-4A7D-A96F-139E0C061FFE}"
EndProject
Global
	GlobalSection(SolutionConfigurationPlatforms) = preSolution
		Debug|Win32 = Debug|Win32
		Release|Win32 = Release|Win32
	EndGlobalSection
	GlobalSection(ProjectConfigurationPlatforms) = postSolution
		{F8DFA2C0-72E0-4A7D-A96F-139E0C061FFE}.Debug|Win32.ActiveCfg = Debug|Win32
		{F8DFA2C0-72E0-4A7D-A96F-139E0C061FFE}.Debug|Win32.Build.0 = Debug|Win32
		{F8DFA2C0-72E0-4A7D-A96F-139E0C061FFE}.Release|Win32.ActiveCfg = Release|Win32
		{F8DFA2C0-72E0-4A7D-A96F-139E0C061FFE}.Release|Win32.Build.0 = Release|Win32
	EndGlobalSection
	GlobalSection(SolutionProperties) = preSolution
		HideSolutionNode = FALSE
	EndGlobalSection
EndGlobal
